// !$*UTF8*$!
{
	archiveVersion = 1;
	classes = {
	};
	objectVersion = 46;
	objects = {

/* Begin PBXBuildFile section */
		4536949B6E7047B3AEC02D00 /* Pods_xiaorizi_Gl.framework in Frameworks */ = {isa = PBXBuildFile; fileRef = 8B2ED85DA1D9115FD7968360 /* Pods_xiaorizi_Gl.framework */; };
		87265D221DBA36CE0024FFB2 /* AppDelegate.swift in Sources */ = {isa = PBXBuildFile; fileRef = 87265D211DBA36CE0024FFB2 /* AppDelegate.swift */; };
		87265D291DBA36CE0024FFB2 /* Assets.xcassets in Resources */ = {isa = PBXBuildFile; fileRef = 87265D281DBA36CE0024FFB2 /* Assets.xcassets */; };
		872B0BFB1DBF43E500F3C78A /* MainViewController.swift in Sources */ = {isa = PBXBuildFile; fileRef = 872B0BFA1DBF43E500F3C78A /* MainViewController.swift */; };
		872B0BFE1DBF4BF600F3C78A /* PublicConfig.swift in Sources */ = {isa = PBXBuildFile; fileRef = 872B0BFD1DBF4BF600F3C78A /* PublicConfig.swift */; };
		872B0C021DBF5BD500F3C78A /* UIBarButtonItem.swift in Sources */ = {isa = PBXBuildFile; fileRef = 872B0C011DBF5BD500F3C78A /* UIBarButtonItem.swift */; };
/* End PBXBuildFile section */

/* Begin PBXFileReference section */
		87265D1E1DBA36CE0024FFB2 /* xiaorizi-Gl.app */ = {isa = PBXFileReference; explicitFileType = wrapper.application; includeInIndex = 0; path = "xiaorizi-Gl.app"; sourceTree = BUILT_PRODUCTS_DIR; };
		87265D211DBA36CE0024FFB2 /* AppDelegate.swift */ = {isa = PBXFileReference; lastKnownFileType = sourcecode.swift; path = AppDelegate.swift; sourceTree = "<group>"; };
		87265D281DBA36CE0024FFB2 /* Assets.xcassets */ = {isa = PBXFileReference; lastKnownFileType = folder.assetcatalog; path = Assets.xcassets; sourceTree = "<group>"; };
		87265D2D1DBA36CE0024FFB2 /* Info.plist */ = {isa = PBXFileReference; lastKnownFileType = text.plist.xml; path = Info.plist; sourceTree = "<group>"; };
		872B0BFA1DBF43E500F3C78A /* MainViewController.swift */ = {isa = PBXFileReference; fileEncoding = 4; lastKnownFileType = sourcecode.swift; path = MainViewController.swift; sourceTree = "<group>"; };
		872B0BFD1DBF4BF600F3C78A /* PublicConfig.swift */ = {isa = PBXFileReference; fileEncoding = 4; lastKnownFileType = sourcecode.swift; path = PublicConfig.swift; sourceTree = "<group>"; };
		872B0C011DBF5BD500F3C78A /* UIBarButtonItem.swift */ = {isa = PBXFileReference; fileEncoding = 4; lastKnownFileType = sourcecode.swift; path = UIBarButtonItem.swift; sourceTree = "<group>"; };
		8B2ED85DA1D9115FD7968360 /* Pods_xiaorizi_Gl.framework */ = {isa = PBXFileReference; explicitFileType = wrapper.framework; includeInIndex = 0; path = Pods_xiaorizi_Gl.framework; sourceTree = BUILT_PRODUCTS_DIR; };
		ADA4C295A0929C7CAABDC44B /* Pods-xiaorizi-Gl.debug.xcconfig */ = {isa = PBXFileReference; includeInIndex = 1; lastKnownFileType = text.xcconfig; name = "Pods-xiaorizi-Gl.debug.xcconfig"; path = "Pods/Target Support Files/Pods-xiaorizi-Gl/Pods-xiaorizi-Gl.debug.xcconfig"; sourceTree = "<group>"; };
		C0AEE024B6EA86037710FAC8 /* Pods-xiaorizi-Gl.release.xcconfig */ = {isa = PBXFileReference; includeInIndex = 1; lastKnownFileType = text.xcconfig; name = "Pods-xiaorizi-Gl.release.xcconfig"; path = "Pods/Target Support Files/Pods-xiaorizi-Gl/Pods-xiaorizi-Gl.release.xcconfig"; sourceTree = "<group>"; };
/* End PBXFileReference section */

/* Begin PBXFrameworksBuildPhase section */
		87265D1B1DBA36CE0024FFB2 /* Frameworks */ = {
			isa = PBXFrameworksBuildPhase;
			buildActionMask = 2147483647;
			files = (
				4536949B6E7047B3AEC02D00 /* Pods_xiaorizi_Gl.framework in Frameworks */,
			);
			runOnlyForDeploymentPostprocessing = 0;
		};
/* End PBXFrameworksBuildPhase section */

/* Begin PBXGroup section */
		326A90C41556570B65E89EFF /* Pods */ = {
			isa = PBXGroup;
			children = (
				ADA4C295A0929C7CAABDC44B /* Pods-xiaorizi-Gl.debug.xcconfig */,
				C0AEE024B6EA86037710FAC8 /* Pods-xiaorizi-Gl.release.xcconfig */,
			);
			name = Pods;
			sourceTree = "<group>";
		};
		87265D151DBA36CD0024FFB2 = {
			isa = PBXGroup;
			children = (
				87265D201DBA36CE0024FFB2 /* xiaorizi-Gl */,
				87265D1F1DBA36CE0024FFB2 /* Products */,
				326A90C41556570B65E89EFF /* Pods */,
				A12160C7D811D707D6C566EA /* Frameworks */,
			);
			sourceTree = "<group>";
		};
		87265D1F1DBA36CE0024FFB2 /* Products */ = {
			isa = PBXGroup;
			children = (
				87265D1E1DBA36CE0024FFB2 /* xiaorizi-Gl.app */,
			);
			name = Products;
			sourceTree = "<group>";
		};
		87265D201DBA36CE0024FFB2 /* xiaorizi-Gl */ = {
			isa = PBXGroup;
			children = (
				87265D211DBA36CE0024FFB2 /* AppDelegate.swift */,
				872B0BF91DBF43E500F3C78A /* Controller */,
				872B0BF81DBF43E500F3C78A /* Category */,
				872B0BFC1DBF497200F3C78A /* Tool */,
				87265D281DBA36CE0024FFB2 /* Assets.xcassets */,
				87265D2D1DBA36CE0024FFB2 /* Info.plist */,
			);
			path = "xiaorizi-Gl";
			sourceTree = "<group>";
		};
		872B0BF81DBF43E500F3C78A /* Category */ = {
			isa = PBXGroup;
			children = (
				872B0C011DBF5BD500F3C78A /* UIBarButtonItem.swift */,
			);
			path = Category;
			sourceTree = "<group>";
		};
		872B0BF91DBF43E500F3C78A /* Controller */ = {
			isa = PBXGroup;
			children = (
				872B0BFA1DBF43E500F3C78A /* MainViewController.swift */,
			);
			path = Controller;
			sourceTree = "<group>";
		};
		872B0BFC1DBF497200F3C78A /* Tool */ = {
			isa = PBXGroup;
			children = (
				872B0BFD1DBF4BF600F3C78A /* PublicConfig.swift */,
			);
			name = Tool;
			path = Category/Tool;
			sourceTree = "<group>";
		};
		A12160C7D811D707D6C566EA /* Frameworks */ = {
			isa = PBXGroup;
			children = (
				8B2ED85DA1D9115FD7968360 /* Pods_xiaorizi_Gl.framework */,
			);
			name = Frameworks;
			sourceTree = "<group>";
		};
/* End PBXGroup section */

/* Begin PBXNativeTarget section */
		87265D1D1DBA36CE0024FFB2 /* xiaorizi-Gl */ = {
			isa = PBXNativeTarget;
			buildConfigurationList = 87265D301DBA36CE0024FFB2 /* Build configuration list for PBXNativeTarget "xiaorizi-Gl" */;
			buildPhases = (
				180BAA635414312424E2F37D /* [CP] Check Pods Manifest.lock */,
				87265D1A1DBA36CE0024FFB2 /* Sources */,
				87265D1B1DBA36CE0024FFB2 /* Frameworks */,
				87265D1C1DBA36CE0024FFB2 /* Resources */,
				F6B69D6149D18A0A2DB6A841 /* [CP] Embed Pods Frameworks */,
				90027DE9554F86107EBD5C69 /* [CP] Copy Pods Resources */,
			);
			buildRules = (
			);
			dependencies = (
			);
			name = "xiaorizi-Gl";
			productName = "xiaorizi-Gl";
			productReference = 87265D1E1DBA36CE0024FFB2 /* xiaorizi-Gl.app */;
			productType = "com.apple.product-type.application";
		};
/* End PBXNativeTarget section */

/* Begin PBXProject section */
		87265D161DBA36CD0024FFB2 /* Project object */ = {
			isa = PBXProject;
			attributes = {
				LastSwiftUpdateCheck = 0800;
				LastUpgradeCheck = 0800;
				ORGANIZATIONNAME = genju;
				TargetAttributes = {
					87265D1D1DBA36CE0024FFB2 = {
						CreatedOnToolsVersion = 8.0;
						DevelopmentTeam = 5PNX76B54G;
						ProvisioningStyle = Automatic;
					};
				};
			};
			buildConfigurationList = 87265D191DBA36CD0024FFB2 /* Build configuration list for PBXProject "xiaorizi-Gl" */;
			compatibilityVersion = "Xcode 3.2";
			developmentRegion = English;
			hasScannedForEncodings = 0;
			knownRegions = (
				en,
				Base,
			);
			mainGroup = 87265D151DBA36CD0024FFB2;
			productRefGroup = 87265D1F1DBA36CE0024FFB2 /* Products */;
			projectDirPath = "";
			projectRoot = "";
			targets = (
				87265D1D1DBA36CE0024FFB2 /* xiaorizi-Gl */,
			);
		};
/* End PBXProject section */

/* Begin PBXResourcesBuildPhase section */
		87265D1C1DBA36CE0024FFB2 /* Resources */ = {
			isa = PBXResourcesBuildPhase;
			buildActionMask = 2147483647;
			files = (
				87265D291DBA36CE0024FFB2 /* Assets.xcassets in Resources */,
			);
			runOnlyForDeploymentPostprocessing = 0;
		};
/* End PBXResourcesBuildPhase section */

/* Begin PBXShellScriptBuildPhase section */
		180BAA635414312424E2F37D /* [CP] Check Pods Manifest.lock */ = {
			isa = PBXShellScriptBuildPhase;
			buildActionMask = 2147483647;
			files = (
			);
			inputPaths = (
			);
			name = "[CP] Check Pods Manifest.lock";
			outputPaths = (
			);
			runOnlyForDeploymentPostprocessing = 0;
			shellPath = /bin/sh;
			shellScript = "diff \"${PODS_ROOT}/../Podfile.lock\" \"${PODS_ROOT}/Manifest.lock\" > /dev/null\nif [ $? != 0 ] ; then\n    # print error to STDERR\n    echo \"error: The sandbox is not in sync with the Podfile.lock. Run 'pod install' or update your CocoaPods installation.\" >&2\n    exit 1\nfi\n";
			showEnvVarsInLog = 0;
		};
		90027DE9554F86107EBD5C69 /* [CP] Copy Pods Resources */ = {
			isa = PBXShellScriptBuildPhase;
			buildActionMask = 2147483647;
			files = (
			);
			inputPaths = (
			);
			name = "[CP] Copy Pods Resources";
			outputPaths = (
			);
			runOnlyForDeploymentPostprocessing = 0;
			shellPath = /bin/sh;
			shellScript = "\"${SRCROOT}/Pods/Target Support Files/Pods-xiaorizi-Gl/Pods-xiaorizi-Gl-resources.sh\"\n";
			showEnvVarsInLog = 0;
		};
		F6B69D6149D18A0A2DB6A841 /* [CP] Embed Pods Frameworks */ = {
			isa = PBXShellScriptBuildPhase;
			buildActionMask = 2147483647;
			files = (
			);
			inputPaths = (
			);
			name = "[CP] Embed Pods Frameworks";
			outputPaths = (
			);
			runOnlyForDeploymentPostprocessing = 0;
			shellPath = /bin/sh;
			shellScript = "\"${SRCROOT}/Pods/Target Support Files/Pods-xiaorizi-Gl/Pods-xiaorizi-Gl-frameworks.sh\"\n";
			showEnvVarsInLog = 0;
		};
/* End PBXShellScriptBuildPhase section */

/* Begin PBXSourcesBuildPhase section */
		87265D1A1DBA36CE0024FFB2 /* Sources */ = {
			isa = PBXSourcesBuildPhase;
			buildActionMask = 2147483647;
			files = (
				872B0C021DBF5BD500F3C78A /* UIBarButtonItem.swift in Sources */,
				87265D221DBA36CE0024FFB2 /* AppDelegate.swift in Sources */,
				872B0BFE1DBF4BF600F3C78A /* PublicConfig.swift in Sources */,
				872B0BFB1DBF43E500F3C78A /* MainViewController.swift in Sources */,
			);
			runOnlyForDeploymentPostprocessing = 0;
		};
/* End PBXSourcesBuildPhase section */

/* Begin XCBuildConfiguration section */
		87265D2E1DBA36CE0024FFB2 /* Debug */ = {
			isa = XCBuildConfiguration;
			buildSettings = {
				ALWAYS_SEARCH_USER_PATHS = NO;
				CLANG_ANALYZER_NONNULL = YES;
				CLANG_CXX_LANGUAGE_STANDARD = "gnu++0x";
				CLANG_CXX_LIBRARY = "libc++";
				CLANG_ENABLE_MODULES = YES;
				CLANG_ENABLE_OBJC_ARC = YES;
				CLANG_WARN_BOOL_CONVERSION = YES;
				CLANG_WARN_CONSTANT_CONVERSION = YES;
				CLANG_WARN_DIRECT_OBJC_ISA_USAGE = YES_ERROR;
				CLANG_WARN_DOCUMENTATION_COMMENTS = YES;
				CLANG_WARN_EMPTY_BODY = YES;
				CLANG_WARN_ENUM_CONVERSION = YES;
				CLANG_WARN_INFINITE_RECURSION = YES;
				CLANG_WARN_INT_CONVERSION = YES;
				CLANG_WARN_OBJC_ROOT_CLASS = YES_ERROR;
				CLANG_WARN_SUSPICIOUS_MOVES = YES;
				CLANG_WARN_UNREACHABLE_CODE = YES;
				CLANG_WARN__DUPLICATE_METHOD_MATCH = YES;
				"CODE_SIGN_IDENTITY[sdk=iphoneos*]" = "iPhone Developer";
				COPY_PHASE_STRIP = NO;
				DEBUG_INFORMATION_FORMAT = dwarf;
				ENABLE_STRICT_OBJC_MSGSEND = YES;
				ENABLE_TESTABILITY = YES;
				GCC_C_LANGUAGE_STANDARD = gnu99;
				GCC_DYNAMIC_NO_PIC = NO;
				GCC_NO_COMMON_BLOCKS = YES;
				GCC_OPTIMIZATION_LEVEL = 0;
				GCC_PREPROCESSOR_DEFINITIONS = (
					"DEBUG=1",
					"$(inherited)",
				);
				GCC_WARN_64_TO_32_BIT_CONVERSION = YES;
				GCC_WARN_ABOUT_RETURN_TYPE = YES_ERROR;
				GCC_WARN_UNDECLARED_SELECTOR = YES;
				GCC_WARN_UNINITIALIZED_AUTOS = YES_AGGRESSIVE;
				GCC_WARN_UNUSED_FUNCTION = YES;
				GCC_WARN_UNUSED_VARIABLE = YES;
				IPHONEOS_DEPLOYMENT_TARGET = 10.0;
				MTL_ENABLE_DEBUG_INFO = YES;
				ONLY_ACTIVE_ARCH = YES;
				SDKROOT = iphoneos;
				SWIFT_ACTIVE_COMPILATION_CONDITIONS = DEBUG;
				SWIFT_OPTIMIZATION_LEVEL = "-Onone";
				TARGETED_DEVICE_FAMILY = "1,2";
			};
			name = Debug;
		};
		87265D2F1DBA36CE0024FFB2 /* Release */ = {
			isa = XCBuildConfiguration;
			buildSettings = {
				ALWAYS_SEARCH_USER_PATHS = NO;
				CLANG_ANALYZER_NONNULL = YES;
				CLANG_CXX_LANGUAGE_STANDARD = "gnu++0x";
				CLANG_CXX_LIBRARY = "libc++";
				CLANG_ENABLE_MODULES = YES;
				CLANG_ENABLE_OBJC_ARC = YES;
				CLANG_WARN_BOOL_CONVERSION = YES;
				CLANG_WARN_CONSTANT_CONVERSION = YES;
				CLANG_WARN_DIRECT_OBJC_ISA_USAGE = YES_ERROR;
				CLANG_WARN_DOCUMENTATION_COMMENTS = YES;
				CLANG_WARN_EMPTY_BODY = YES;
				CLANG_WARN_ENUM_CONVERSION = YES;
				CLANG_WARN_INFINITE_RECURSION = YES;
				CLANG_WARN_INT_CONVERSION = YES;
				CLANG_WARN_OBJC_ROOT_CLASS = YES_ERROR;
				CLANG_WARN_SUSPICIOUS_MOVES = YES;
				CLANG_WARN_UNREACHABLE_CODE = YES;
				CLANG_WARN__DUPLICATE_METHOD_MATCH = YES;
				"CODE_SIGN_IDENTITY[sdk=iphoneos*]" = "iPhone Developer";
				COPY_PHASE_STRIP = NO;
				DEBUG_INFORMATION_FORMAT = "dwarf-with-dsym";
				ENABLE_NS_ASSERTIONS = NO;
				ENABLE_STRICT_OBJC_MSGSEND = YES;
				GCC_C_LANGUAGE_STANDARD = gnu99;
				GCC_NO_COMMON_BLOCKS = YES;
				GCC_WARN_64_TO_32_BIT_CONVERSION = YES;
				GCC_WARN_ABOUT_RETURN_TYPE = YES_ERROR;
				GCC_WARN_UNDECLARED_SELECTOR = YES;
				GCC_WARN_UNINITIALIZED_AUTOS = YES_AGGRESSIVE;
				GCC_WARN_UNUSED_FUNCTION = YES;
				GCC_WARN_UNUSED_VARIABLE = YES;
				IPHONEOS_DEPLOYMENT_TARGET = 10.0;
				MTL_ENABLE_DEBUG_INFO = NO;
				SDKROOT = iphoneos;
				SWIFT_OPTIMIZATION_LEVEL = "-Owholemodule";
				TARGETED_DEVICE_FAMILY = "1,2";
				VALIDATE_PRODUCT = YES;
			};
			name = Release;
		};
		87265D311DBA36CE0024FFB2 /* Debug */ = {
			isa = XCBuildConfiguration;
			baseConfigurationReference = ADA4C295A0929C7CAABDC44B /* Pods-xiaorizi-Gl.debug.xcconfig */;
			buildSettings = {
				ASSETCATALOG_COMPILER_APPICON_NAME = AppIcon;
				ASSETCATALOG_COMPILER_LAUNCHIMAGE_NAME = LaunchImage;
				DEVELOPMENT_TEAM = 5PNX76B54G;
				INFOPLIST_FILE = "xiaorizi-Gl/Info.plist";
				LD_RUNPATH_SEARCH_PATHS = "$(inherited) @executable_path/Frameworks";
				PRODUCT_BUNDLE_IDENTIFIER = "com.genju.66yxq.xiaorizi-Gl";
				PRODUCT_NAME = "$(TARGET_NAME)";
				SWIFT_VERSION = 3.0;
			};
			name = Debug;
		};
		87265D321DBA36CE0024FFB2 /* Release */ = {
			isa = XCBuildConfiguration;
			baseConfigurationReference = C0AEE024B6EA86037710FAC8 /* Pods-xiaorizi-Gl.release.xcconfig */;
			buildSettings = {
				ASSETCATALOG_COMPILER_APPICON_NAME = AppIcon;
				ASSETCATALOG_COMPILER_LAUNCHIMAGE_NAME = LaunchImage;
				DEVELOPMENT_TEAM = 5PNX76B54G;
				INFOPLIST_FILE = "xiaorizi-Gl/Info.plist";
				LD_RUNPATH_SEARCH_PATHS = "$(inherited) @executable_path/Frameworks";
				PRODUCT_BUNDLE_IDENTIFIER = "com.genju.66yxq.xiaorizi-Gl";
				PRODUCT_NAME = "$(TARGET_NAME)";
				SWIFT_VERSION = 3.0;
			};
			name = Release;
		};
/* End XCBuildConfiguration section */

/* Begin XCConfigurationList section */
		87265D191DBA36CD0024FFB2 /* Build configuration list for PBXProject "xiaorizi-Gl" */ = {
			isa = XCConfigurationList;
			buildConfigurations = (
				87265D2E1DBA36CE0024FFB2 /* Debug */,
				87265D2F1DBA36CE0024FFB2 /* Release */,
			);
			defaultConfigurationIsVisible = 0;
			defaultConfigurationName = Release;
		};
		87265D301DBA36CE0024FFB2 /* Build configuration list for PBXNativeTarget "xiaorizi-Gl" */ = {
			isa = XCConfigurationList;
			buildConfigurations = (
				87265D311DBA36CE0024FFB2 /* Debug */,
				87265D321DBA36CE0024FFB2 /* Release */,
			);
			defaultConfigurationIsVisible = 0;
			defaultConfigurationName = Release;
		};
/* End XCConfigurationList section */
	};
	rootObject = 87265D161DBA36CD0024FFB2 /* Project object */;
}
